// !$*UTF8*$!
{
	archiveVersion = 1;
	classes = {
	};
	objectVersion = 50;
	objects = {

/* Begin PBXBuildFile section */
		95E9D38623BA43200064E42A /* AppDelegate.swift in Sources */ = {isa = PBXBuildFile; fileRef = 95E9D38523BA43200064E42A /* AppDelegate.swift */; };
		95E9D38823BA43200064E42A /* SceneDelegate.swift in Sources */ = {isa = PBXBuildFile; fileRef = 95E9D38723BA43200064E42A /* SceneDelegate.swift */; };
		95E9D38A23BA43200064E42A /* ContentView.swift in Sources */ = {isa = PBXBuildFile; fileRef = 95E9D38923BA43200064E42A /* ContentView.swift */; };
		95E9D38C23BA43210064E42A /* Assets.xcassets in Resources */ = {isa = PBXBuildFile; fileRef = 95E9D38B23BA43210064E42A /* Assets.xcassets */; };
		95E9D38F23BA43210064E42A /* Preview Assets.xcassets in Resources */ = {isa = PBXBuildFile; fileRef = 95E9D38E23BA43210064E42A /* Preview Assets.xcassets */; };
		95E9D39223BA43210064E42A /* LaunchScreen.storyboard in Resources */ = {isa = PBXBuildFile; fileRef = 95E9D39023BA43210064E42A /* LaunchScreen.storyboard */; };
/* End PBXBuildFile section */

/* Begin PBXFileReference section */
		95E9D38223BA43200064E42A /* GradientBackgroundExample.app */ = {isa = PBXFileReference; explicitFileType = wrapper.application; includeInIndex = 0; path = GradientBackgroundExample.app; sourceTree = BUILT_PRODUCTS_DIR; };
		95E9D38523BA43200064E42A /* AppDelegate.swift */ = {isa = PBXFileReference; lastKnownFileType = sourcecode.swift; path = AppDelegate.swift; sourceTree = "<group>"; };
		95E9D38723BA43200064E42A /* SceneDelegate.swift */ = {isa = PBXFileReference; lastKnownFileType = sourcecode.swift; path = SceneDelegate.swift; sourceTree = "<group>"; };
		95E9D38923BA43200064E42A /* ContentView.swift */ = {isa = PBXFileReference; lastKnownFileType = sourcecode.swift; path = ContentView.swift; sourceTree = "<group>"; };
		95E9D38B23BA43210064E42A /* Assets.xcassets */ = {isa = PBXFileReference; lastKnownFileType = folder.assetcatalog; path = Assets.xcassets; sourceTree = "<group>"; };
		95E9D38E23BA43210064E42A /* Preview Assets.xcassets */ = {isa = PBXFileReference; lastKnownFileType = folder.assetcatalog; path = "Preview Assets.xcassets"; sourceTree = "<group>"; };
		95E9D39123BA43210064E42A /* Base */ = {isa = PBXFileReference; lastKnownFileType = file.storyboard; name = Base; path = Base.lproj/LaunchScreen.storyboard; sourceTree = "<group>"; };
		95E9D39323BA43210064E42A /* Info.plist */ = {isa = PBXFileReference; lastKnownFileType = text.plist.xml; path = Info.plist; sourceTree = "<group>"; };
/* End PBXFileReference section */

/* Begin PBXFrameworksBuildPhase section */
		95E9D37F23BA43200064E42A /* Frameworks */ = {
			isa = PBXFrameworksBuildPhase;
			buildActionMask = 2147483647;
			files = (
			);
			runOnlyForDeploymentPostprocessing = 0;
		};
/* End PBXFrameworksBuildPhase section */

/* Begin PBXGroup section */
		95E9D37923BA43200064E42A = {
			isa = PBXGroup;
			children = (
				95E9D38423BA43200064E42A /* GradientBackgroundExample */,
				95E9D38323BA43200064E42A /* Products */,
			);
			sourceTree = "<group>";
		};
		95E9D38323BA43200064E42A /* Products */ = {
			isa = PBXGroup;
			children = (
				95E9D38223BA43200064E42A /* GradientBackgroundExample.app */,
			);
			name = Products;
			sourceTree = "<group>";
		};
		95E9D38423BA43200064E42A /* GradientBackgroundExample */ = {
			isa = PBXGroup;
			children = (
				95E9D38523BA43200064E42A /* AppDelegate.swift */,
				95E9D38723BA43200064E42A /* SceneDelegate.swift */,
				95E9D38923BA43200064E42A /* ContentView.swift */,
				95E9D38B23BA43210064E42A /* Assets.xcassets */,
				95E9D39023BA43210064E42A /* LaunchScreen.storyboard */,
				95E9D39323BA43210064E42A /* Info.plist */,
				95E9D38D23BA43210064E42A /* Preview Content */,
			);
			path = GradientBackgroundExample;
			sourceTree = "<group>";
		};
		95E9D38D23BA43210064E42A /* Preview Content */ = {
			isa = PBXGroup;
			children = (
				95E9D38E23BA43210064E42A /* Preview Assets.xcassets */,
			);
			path = "Preview Content";
			sourceTree = "<group>";
		};
/* End PBXGroup section */

/* Begin PBXNativeTarget section */
		95E9D38123BA43200064E42A /* GradientBackgroundExample */ = {
			isa = PBXNativeTarget;
			buildConfigurationList = 95E9D39623BA43210064E42A /* Build configuration list for PBXNativeTarget "GradientBackgroundExample" */;
			buildPhases = (
				95E9D37E23BA43200064E42A /* Sources */,
				95E9D37F23BA43200064E42A /* Frameworks */,
				95E9D38023BA43200064E42A /* Resources */,
			);
			buildRules = (
			);
			dependencies = (
			);
			name = GradientBackgroundExample;
			productName = GradientBackgroundExample;
			productReference = 95E9D38223BA43200064E42A /* GradientBackgroundExample.app */;
			productType = "com.apple.product-type.application";
		};
/* End PBXNativeTarget section */

/* Begin PBXProject section */
		95E9D37A23BA43200064E42A /* Project object */ = {
			isa = PBXProject;
			attributes = {
				LastSwiftUpdateCheck = 1130;
				LastUpgradeCheck = 1130;
				ORGANIZATIONNAME = "Lucas Dahl";
				TargetAttributes = {
					95E9D38123BA43200064E42A = {
						CreatedOnToolsVersion = 11.3;
					};
				};
			};
			buildConfigurationList = 95E9D37D23BA43200064E42A /* Build configuration list for PBXProject "GradientBackgroundExample" */;
			compatibilityVersion = "Xcode 9.3";
			developmentRegion = en;
			hasScannedForEncodings = 0;
			knownRegions = (
				en,
				Base,
			);
			mainGroup = 95E9D37923BA43200064E42A;
			productRefGroup = 95E9D38323BA43200064E42A /* Products */;
			projectDirPath = "";
			projectRoot = "";
			targets = (
				95E9D38123BA43200064E42A /* GradientBackgroundExample */,
			);
		};
/* End PBXProject section */

/* Begin PBXResourcesBuildPhase section */
		95E9D38023BA43200064E42A /* Resources */ = {
			isa = PBXResourcesBuildPhase;
			buildActionMask = 2147483647;
			files = (
				95E9D39223BA43210064E42A /* LaunchScreen.storyboard in Resources */,
				95E9D38F23BA43210064E42A /* Preview Assets.xcassets in Resources */,
				95E9D38C23BA43210064E42A /* Assets.xcassets in Resources */,
			);
			runOnlyForDeploymentPostprocessing = 0;
		};
/* End PBXResourcesBuildPhase section */

/* Begin PBXSourcesBuildPhase section */
		95E9D37E23BA43200064E42A /* Sources */ = {
			isa = PBXSourcesBuildPhase;
			buildActionMask = 2147483647;
			files = (
				95E9D38623BA43200064E42A /* AppDelegate.swift in Sources */,
				95E9D38823BA43200064E42A /* SceneDelegate.swift in Sources */,
				95E9D38A23BA43200064E42A /* ContentView.swift in Sources */,
			);
			runOnlyForDeploymentPostprocessing = 0;
		};
/* End PBXSourcesBuildPhase section */

/* Begin PBXVariantGroup section */
		95E9D39023BA43210064E42A /* LaunchScreen.storyboard */ = {
			isa = PBXVariantGroup;
			children = (
				95E9D39123BA43210064E42A /* Base */,
			);
			name = LaunchScreen.storyboard;
			sourceTree = "<group>";
		};
/* End PBXVariantGroup section */

/* Begin XCBuildConfiguration section */
		95E9D39423BA43210064E42A /* Debug */ = {
			isa = XCBuildConfiguration;
			buildSettings = {
				ALWAYS_SEARCH_USER_PATHS = NO;
				CLANG_ANALYZER_NONNULL = YES;
				CLANG_ANALYZER_NUMBER_OBJECT_CONVERSION = YES_AGGRESSIVE;
				CLANG_CXX_LANGUAGE_STANDARD = "gnu++14";
				CLANG_CXX_LIBRARY = "libc++";
				CLANG_ENABLE_MODULES = YES;
				CLANG_ENABLE_OBJC_ARC = YES;
				CLANG_ENABLE_OBJC_WEAK = YES;
				CLANG_WARN_BLOCK_CAPTURE_AUTORELEASING = YES;
				CLANG_WARN_BOOL_CONVERSION = YES;
				CLANG_WARN_COMMA = YES;
				CLANG_WARN_CONSTANT_CONVERSION = YES;
				CLANG_WARN_DEPRECATED_OBJC_IMPLEMENTATIONS = YES;
				CLANG_WARN_DIRECT_OBJC_ISA_USAGE = YES_ERROR;
				CLANG_WARN_DOCUMENTATION_COMMENTS = YES;
				CLANG_WARN_EMPTY_BODY = YES;
				CLANG_WARN_ENUM_CONVERSION = YES;
				CLANG_WARN_INFINITE_RECURSION = YES;
				CLANG_WARN_INT_CONVERSION = YES;
				CLANG_WARN_NON_LITERAL_NULL_CONVERSION = YES;
				CLANG_WARN_OBJC_IMPLICIT_RETAIN_SELF = YES;
				CLANG_WARN_OBJC_LITERAL_CONVERSION = YES;
				CLANG_WARN_OBJC_ROOT_CLASS = YES_ERROR;
				CLANG_WARN_RANGE_LOOP_ANALYSIS = YES;
				CLANG_WARN_STRICT_PROTOTYPES = YES;
				CLANG_WARN_SUSPICIOUS_MOVE = YES;
				CLANG_WARN_UNGUARDED_AVAILABILITY = YES_AGGRESSIVE;
				CLANG_WARN_UNREACHABLE_CODE = YES;
				CLANG_WARN__DUPLICATE_METHOD_MATCH = YES;
				COPY_PHASE_STRIP = NO;
				DEBUG_INFORMATION_FORMAT = dwarf;
				ENABLE_STRICT_OBJC_MSGSEND = YES;
				ENABLE_TESTABILITY = YES;
				GCC_C_LANGUAGE_STANDARD = gnu11;
				GCC_DYNAMIC_NO_PIC = NO;
				GCC_NO_COMMON_BLOCKS = YES;
				GCC_OPTIMIZATION_LEVEL = 0;
				GCC_PREPROCESSOR_DEFINITIONS = (
					"DEBUG=1",
					"$(inherited)",
				);
				GCC_WARN_64_TO_32_BIT_CONVERSION = YES;
				GCC_WARN_ABOUT_RETURN_TYPE = YES_ERROR;
				GCC_WARN_UNDECLARED_SELECTOR = YES;
				GCC_WARN_UNINITIALIZED_AUTOS = YES_AGGRESSIVE;
				GCC_WARN_UNUSED_FUNCTION = YES;
				GCC_WARN_UNUSED_VARIABLE = YES;
				IPHONEOS_DEPLOYMENT_TARGET = 13.2;
				MTL_ENABLE_DEBUG_INFO = INCLUDE_SOURCE;
				MTL_FAST_MATH = YES;
				ONLY_ACTIVE_ARCH = YES;
				SDKROOT = iphoneos;
				SWIFT_ACTIVE_COMPILATION_CONDITIONS = DEBUG;
				SWIFT_OPTIMIZATION_LEVEL = "-Onone";
			};
			name = Debug;
		};
		95E9D39523BA43210064E42A /* Release */ = {
			isa = XCBuildConfiguration;
			buildSettings = {
				ALWAYS_SEARCH_USER_PATHS = NO;
				CLANG_ANALYZER_NONNULL = YES;
				CLANG_ANALYZER_NUMBER_OBJECT_CONVERSION = YES_AGGRESSIVE;
				CLANG_CXX_LANGUAGE_STANDARD = "gnu++14";
				CLANG_CXX_LIBRARY = "libc++";
				CLANG_ENABLE_MODULES = YES;
				CLANG_ENABLE_OBJC_ARC = YES;
				CLANG_ENABLE_OBJC_WEAK = YES;
				CLANG_WARN_BLOCK_CAPTURE_AUTORELEASING = YES;
				CLANG_WARN_BOOL_CONVERSION = YES;
				CLANG_WARN_COMMA = YES;
				CLANG_WARN_CONSTANT_CONVERSION = YES;
				CLANG_WARN_DEPRECATED_OBJC_IMPLEMENTATIONS = YES;
				CLANG_WARN_DIRECT_OBJC_ISA_USAGE = YES_ERROR;
				CLANG_WARN_DOCUMENTATION_COMMENTS = YES;
				CLANG_WARN_EMPTY_BODY = YES;
				CLANG_WARN_ENUM_CONVERSION = YES;
				CLANG_WARN_INFINITE_RECURSION = YES;
				CLANG_WARN_INT_CONVERSION = YES;
				CLANG_WARN_NON_LITERAL_NULL_CONVERSION = YES;
				CLANG_WARN_OBJC_IMPLICIT_RETAIN_SELF = YES;
				CLANG_WARN_OBJC_LITERAL_CONVERSION = YES;
				CLANG_WARN_OBJC_ROOT_CLASS = YES_ERROR;
				CLANG_WARN_RANGE_LOOP_ANALYSIS = YES;
				CLANG_WARN_STRICT_PROTOTYPES = YES;
				CLANG_WARN_SUSPICIOUS_MOVE = YES;
				CLANG_WARN_UNGUARDED_AVAILABILITY = YES_AGGRESSIVE;
				CLANG_WARN_UNREACHABLE_CODE = YES;
				CLANG_WARN__DUPLICATE_METHOD_MATCH = YES;
				COPY_PHASE_STRIP = NO;
				DEBUG_INFORMATION_FORMAT = "dwarf-with-dsym";
				ENABLE_NS_ASSERTIONS = NO;
				ENABLE_STRICT_OBJC_MSGSEND = YES;
				GCC_C_LANGUAGE_STANDARD = gnu11;
				GCC_NO_COMMON_BLOCKS = YES;
				GCC_WARN_64_TO_32_BIT_CONVERSION = YES;
				GCC_WARN_ABOUT_RETURN_TYPE = YES_ERROR;
				GCC_WARN_UNDECLARED_SELECTOR = YES;
				GCC_WARN_UNINITIALIZED_AUTOS = YES_AGGRESSIVE;
				GCC_WARN_UNUSED_FUNCTION = YES;
				GCC_WARN_UNUSED_VARIABLE = YES;
				IPHONEOS_DEPLOYMENT_TARGET = 13.2;
				MTL_ENABLE_DEBUG_INFO = NO;
				MTL_FAST_MATH = YES;
				SDKROOT = iphoneos;
				SWIFT_COMPILATION_MODE = wholemodule;
				SWIFT_OPTIMIZATION_LEVEL = "-O";
				VALIDATE_PRODUCT = YES;
			};
			name = Release;
		};
		95E9D39723BA43210064E42A /* Debug */ = {
			isa = XCBuildConfiguration;
			buildSettings = {
				ASSETCATALOG_COMPILER_APPICON_NAME = AppIcon;
				CODE_SIGN_STYLE = Automatic;
				DEVELOPMENT_ASSET_PATHS = "\"GradientBackgroundExample/Preview Content\"";
				DEVELOPMENT_TEAM = CW7RK4BNJW;
				ENABLE_PREVIEWS = YES;
				INFOPLIST_FILE = GradientBackgroundExample/Info.plist;
				LD_RUNPATH_SEARCH_PATHS = (
					"$(inherited)",
					"@executable_path/Frameworks",
				);
				PRODUCT_BUNDLE_IDENTIFIER = com.lucas.GradientBackgroundExample;
				PRODUCT_NAME = "$(TARGET_NAME)";
				SWIFT_VERSION = 5.0;
				TARGETED_DEVICE_FAMILY = "1,2";
			};
			name = Debug;
		};
		95E9D39823BA43210064E42A /* Release */ = {
			isa = XCBuildConfiguration;
			buildSettings = {
				ASSETCATALOG_COMPILER_APPICON_NAME = AppIcon;
				CODE_SIGN_STYLE = Automatic;
				DEVELOPMENT_ASSET_PATHS = "\"GradientBackgroundExample/Preview Content\"";
				DEVELOPMENT_TEAM = CW7RK4BNJW;
				ENABLE_PREVIEWS = YES;
				INFOPLIST_FILE = GradientBackgroundExample/Info.plist;
				LD_RUNPATH_SEARCH_PATHS = (
					"$(inherited)",
					"@executable_path/Frameworks",
				);
				PRODUCT_BUNDLE_IDENTIFIER = com.lucas.GradientBackgroundExample;
				PRODUCT_NAME = "$(TARGET_NAME)";
				SWIFT_VERSION = 5.0;
				TARGETED_DEVICE_FAMILY = "1,2";
			};
			name = Release;
		};
/* End XCBuildConfiguration section */

/* Begin XCConfigurationList section */
		95E9D37D23BA43200064E42A /* Build configuration list for PBXProject "GradientBackgroundExample" */ = {
			isa = XCConfigurationList;
			buildConfigurations = (
				95E9D39423BA43210064E42A /* Debug */,
				95E9D39523BA43210064E42A /* Release */,
			);
			defaultConfigurationIsVisible = 0;
			defaultConfigurationName = Release;
		};
		95E9D39623BA43210064E42A /* Build configuration list for PBXNativeTarget "GradientBackgroundExample" */ = {
			isa = XCConfigurationList;
			buildConfigurations = (
				95E9D39723BA43210064E42A /* Debug */,
				95E9D39823BA43210064E42A /* Release */,
			);
			defaultConfigurationIsVisible = 0;
			defaultConfigurationName = Release;
		};
/* End XCConfigurationList section */
	};
	rootObject = 95E9D37A23BA43200064E42A /* Project object */;
}
